
Microsoft Visual Studio Solution File, Format Version 12.00
# Visual Studio Version 17
VisualStudioVersion = 17.4.33205.214
MinimumVisualStudioVersion = 10.0.40219.1
Project("{9A19103F-16F7-4668-BE54-9A1E7A4F7556}") = "ProtoSerialization", "ProtoSerialization\ProtoSerialization.csproj", "{C5B77C03-5702-440B-8C48-D1D2430598FA}"
EndProject
Project("{9A19103F-16F7-4668-BE54-9A1E7A4F7556}") = "XMLSerialization", "XMLSerialization\XMLSerialization.csproj", "{2845E03E-E7DC-4439-9F56-5882E0B8D011}"
EndProject
Project("{9A19103F-16F7-4668-BE54-9A1E7A4F7556}") = "JSONSerialization", "JSONSerialization\JSONSerialization.csproj", "{D2754D16-1E8F-4783-BDAC-B723CE8104A6}"
EndProject
Project("{9A19103F-16F7-4668-BE54-9A1E7A4F7556}") = "MyCustomSerializer", "MyCustomSerializer\MyCustomSerializer.csproj", "{9DD72A7E-FDE7-4672-B340-5A290CFDF26E}"
EndProject
Project("{FAE04EC0-301F-11D3-BF4B-00C04F79EFBC}") = "DeepCloning", "DeepCloning\DeepCloning.csproj", "{7819C03F-C82C-458A-82C1-223266EA228A}"
EndProject
Global
	GlobalSection(SolutionConfigurationPlatforms) = preSolution
		Debug|Any CPU = Debug|Any CPU
		Release|Any CPU = Release|Any CPU
	EndGlobalSection
	GlobalSection(ProjectConfigurationPlatforms) = postSolution
		{C5B77C03-5702-440B-8C48-D1D2430598FA}.Debug|Any CPU.ActiveCfg = Debug|Any CPU
		{C5B77C03-5702-440B-8C48-D1D2430598FA}.Debug|Any CPU.Build.0 = Debug|Any CPU
		{C5B77C03-5702-440B-8C48-D1D2430598FA}.Release|Any CPU.ActiveCfg = Release|Any CPU
		{C5B77C03-5702-440B-8C48-D1D2430598FA}.Release|Any CPU.Build.0 = Release|Any CPU
		{2845E03E-E7DC-4439-9F56-5882E0B8D011}.Debug|Any CPU.ActiveCfg = Debug|Any CPU
		{2845E03E-E7DC-4439-9F56-5882E0B8D011}.Debug|Any CPU.Build.0 = Debug|Any CPU
		{2845E03E-E7DC-4439-9F56-5882E0B8D011}.Release|Any CPU.ActiveCfg = Release|Any CPU
		{2845E03E-E7DC-4439-9F56-5882E0B8D011}.Release|Any CPU.Build.0 = Release|Any CPU
		{D2754D16-1E8F-4783-BDAC-B723CE8104A6}.Debug|Any CPU.ActiveCfg = Debug|Any CPU
		{D2754D16-1E8F-4783-BDAC-B723CE8104A6}.Debug|Any CPU.Build.0 = Debug|Any CPU
		{D2754D16-1E8F-4783-BDAC-B723CE8104A6}.Release|Any CPU.ActiveCfg = Release|Any CPU
		{D2754D16-1E8F-4783-BDAC-B723CE8104A6}.Release|Any CPU.Build.0 = Release|Any CPU
		{9DD72A7E-FDE7-4672-B340-5A290CFDF26E}.Debug|Any CPU.ActiveCfg = Debug|Any CPU
		{9DD72A7E-FDE7-4672-B340-5A290CFDF26E}.Debug|Any CPU.Build.0 = Debug|Any CPU
		{9DD72A7E-FDE7-4672-B340-5A290CFDF26E}.Release|Any CPU.ActiveCfg = Release|Any CPU
		{9DD72A7E-FDE7-4672-B340-5A290CFDF26E}.Release|Any CPU.Build.0 = Release|Any CPU
		{7819C03F-C82C-458A-82C1-223266EA228A}.Debug|Any CPU.ActiveCfg = Debug|Any CPU
		{7819C03F-C82C-458A-82C1-223266EA228A}.Debug|Any CPU.Build.0 = Debug|Any CPU
		{7819C03F-C82C-458A-82C1-223266EA228A}.Release|Any CPU.ActiveCfg = Release|Any CPU
		{7819C03F-C82C-458A-82C1-223266EA228A}.Release|Any CPU.Build.0 = Release|Any CPU
	EndGlobalSection
	GlobalSection(SolutionProperties) = preSolution
		HideSolutionNode = FALSE
	EndGlobalSection
	GlobalSection(ExtensibilityGlobals) = postSolution
		SolutionGuid = {2FAB0A1C-3A9B-4A98-B619-85C5B038F8F5}
	EndGlobalSection
EndGlobal
